{
  "lockfileVersion": 1,
  "workspaces": {
    "": {
      "name": "backend",
      "dependencies": {
        "axios": "^1.10.0",
        "bcryptjs": "^3.0.2",
        "cors": "^2.8.5",
        "dotenv": "^17.2.0",
        "express": "^4.18.2",
        "firebase-admin": "^13.4.0",
        "helmet": "^8.1.0",
        "jsonwebtoken": "^9.0.2",
        "morgan": "^1.10.0",
        "socket.io": "^4.8.1",
      },
      "devDependencies": {
        "@types/bun": "latest",
        "nodemon": "^3.1.10",
      },
      "peerDependencies": {
        "typescript": "^5",
      },
    },
  },
  "packages": {
    "@fastify/busboy": ["@fastify/busboy@3.1.1", "", {}, ""],

    "@firebase/app-check-interop-types": ["@firebase/app-check-interop-types@0.3.3", "", {}, ""],

    "@firebase/app-types": ["@firebase/app-types@0.9.3", "", {}, ""],

    "@firebase/auth-interop-types": ["@firebase/auth-interop-types@0.2.4", "", {}, ""],

    "@firebase/component": ["@firebase/component@0.6.18", "", { "dependencies": { "@firebase/util": "1.12.1", "tslib": "^2.1.0" } }, ""],

    "@firebase/database": ["@firebase/database@1.0.20", "", { "dependencies": { "@firebase/app-check-interop-types": "0.3.3", "@firebase/auth-interop-types": "0.2.4", "@firebase/component": "0.6.18", "@firebase/logger": "0.4.4", "@firebase/util": "1.12.1", "faye-websocket": "0.11.4", "tslib": "^2.1.0" } }, ""],

    "@firebase/database-compat": ["@firebase/database-compat@2.0.11", "", { "dependencies": { "@firebase/component": "0.6.18", "@firebase/database": "1.0.20", "@firebase/database-types": "1.0.15", "@firebase/logger": "0.4.4", "@firebase/util": "1.12.1", "tslib": "^2.1.0" } }, ""],

    "@firebase/database-types": ["@firebase/database-types@1.0.15", "", { "dependencies": { "@firebase/app-types": "0.9.3", "@firebase/util": "1.12.1" } }, ""],

    "@firebase/logger": ["@firebase/logger@0.4.4", "", { "dependencies": { "tslib": "^2.1.0" } }, ""],

    "@firebase/util": ["@firebase/util@1.12.1", "", { "dependencies": { "tslib": "^2.1.0" } }, ""],

    "@google-cloud/firestore": ["@google-cloud/firestore@7.11.3", "", { "dependencies": { "@opentelemetry/api": "^1.3.0", "fast-deep-equal": "^3.1.1", "functional-red-black-tree": "^1.0.1", "google-gax": "^4.3.3", "protobufjs": "^7.2.6" } }, ""],

    "@google-cloud/paginator": ["@google-cloud/paginator@5.0.2", "", { "dependencies": { "arrify": "^2.0.0", "extend": "^3.0.2" } }, ""],

    "@google-cloud/projectify": ["@google-cloud/projectify@4.0.0", "", {}, ""],

    "@google-cloud/promisify": ["@google-cloud/promisify@4.0.0", "", {}, ""],

    "@google-cloud/storage": ["@google-cloud/storage@7.16.0", "", { "dependencies": { "@google-cloud/paginator": "^5.0.0", "@google-cloud/projectify": "^4.0.0", "@google-cloud/promisify": "<4.1.0", "abort-controller": "^3.0.0", "async-retry": "^1.3.3", "duplexify": "^4.1.3", "fast-xml-parser": "^4.4.1", "gaxios": "^6.0.2", "google-auth-library": "^9.6.3", "html-entities": "^2.5.2", "mime": "^3.0.0", "p-limit": "^3.0.1", "retry-request": "^7.0.0", "teeny-request": "^9.0.0", "uuid": "^8.0.0" } }, ""],

    "@grpc/grpc-js": ["@grpc/grpc-js@1.13.4", "", { "dependencies": { "@grpc/proto-loader": "^0.7.13", "@js-sdsl/ordered-map": "^4.4.2" } }, ""],

    "@grpc/proto-loader": ["@grpc/proto-loader@0.7.15", "", { "dependencies": { "lodash.camelcase": "^4.3.0", "long": "^5.0.0", "protobufjs": "^7.2.5", "yargs": "^17.7.2" }, "bin": { "proto-loader-gen-types": "build/bin/proto-loader-gen-types.js" } }, ""],

    "@js-sdsl/ordered-map": ["@js-sdsl/ordered-map@4.4.2", "", {}, ""],

    "@opentelemetry/api": ["@opentelemetry/api@1.9.0", "", {}, ""],

    "@protobufjs/aspromise": ["@protobufjs/aspromise@1.1.2", "", {}, ""],

    "@protobufjs/base64": ["@protobufjs/base64@1.1.2", "", {}, ""],

    "@protobufjs/codegen": ["@protobufjs/codegen@2.0.4", "", {}, ""],

    "@protobufjs/eventemitter": ["@protobufjs/eventemitter@1.1.0", "", {}, ""],

    "@protobufjs/fetch": ["@protobufjs/fetch@1.1.0", "", { "dependencies": { "@protobufjs/aspromise": "^1.1.1", "@protobufjs/inquire": "^1.1.0" } }, ""],

    "@protobufjs/float": ["@protobufjs/float@1.0.2", "", {}, ""],

    "@protobufjs/inquire": ["@protobufjs/inquire@1.1.0", "", {}, ""],

    "@protobufjs/path": ["@protobufjs/path@1.1.2", "", {}, ""],

    "@protobufjs/pool": ["@protobufjs/pool@1.1.0", "", {}, ""],

    "@protobufjs/utf8": ["@protobufjs/utf8@1.1.0", "", {}, ""],

    "@socket.io/component-emitter": ["@socket.io/component-emitter@3.1.2", "", {}, ""],

    "@tootallnate/once": ["@tootallnate/once@2.0.0", "", {}, ""],

    "@types/body-parser": ["@types/body-parser@1.19.6", "", { "dependencies": { "@types/connect": "*", "@types/node": "*" } }, ""],

    "@types/bun": ["@types/bun@1.2.19", "", { "dependencies": { "bun-types": "1.2.19" } }, "sha512-d9ZCmrH3CJ2uYKXQIUuZ/pUnTqIvLDS0SK7pFmbx8ma+ziH/FRMoAq5bYpRG7y+w1gl+HgyNZbtqgMq4W4e2Lg=="],

    "@types/caseless": ["@types/caseless@0.12.5", "", {}, ""],

    "@types/connect": ["@types/connect@3.4.38", "", { "dependencies": { "@types/node": "*" } }, ""],

    "@types/cors": ["@types/cors@2.8.19", "", { "dependencies": { "@types/node": "*" } }, ""],

    "@types/express": ["@types/express@4.17.23", "", { "dependencies": { "@types/body-parser": "*", "@types/express-serve-static-core": "^4.17.33", "@types/qs": "*", "@types/serve-static": "*" } }, ""],

    "@types/express-serve-static-core": ["@types/express-serve-static-core@4.19.6", "", { "dependencies": { "@types/node": "*", "@types/qs": "*", "@types/range-parser": "*", "@types/send": "*" } }, ""],

    "@types/http-errors": ["@types/http-errors@2.0.5", "", {}, ""],

    "@types/jsonwebtoken": ["@types/jsonwebtoken@9.0.10", "", { "dependencies": { "@types/ms": "*", "@types/node": "*" } }, ""],

    "@types/long": ["@types/long@4.0.2", "", {}, ""],

    "@types/mime": ["@types/mime@1.3.5", "", {}, ""],

    "@types/ms": ["@types/ms@2.1.0", "", {}, ""],

    "@types/node": ["@types/node@22.16.4", "", { "dependencies": { "undici-types": "~6.21.0" } }, ""],

    "@types/qs": ["@types/qs@6.14.0", "", {}, ""],

    "@types/range-parser": ["@types/range-parser@1.2.7", "", {}, ""],

    "@types/react": ["@types/react@19.1.8", "", { "dependencies": { "csstype": "^3.0.2" } }, "sha512-AwAfQ2Wa5bCx9WP8nZL2uMZWod7J7/JSplxbTmBQ5ms6QpqNYm672H0Vu9ZVKVngQ+ii4R/byguVEUZQyeg44g=="],

    "@types/request": ["@types/request@2.48.12", "", { "dependencies": { "@types/caseless": "*", "@types/node": "*", "@types/tough-cookie": "*", "form-data": "^2.5.0" } }, ""],

    "@types/send": ["@types/send@0.17.5", "", { "dependencies": { "@types/mime": "^1", "@types/node": "*" } }, ""],

    "@types/serve-static": ["@types/serve-static@1.15.8", "", { "dependencies": { "@types/http-errors": "*", "@types/node": "*", "@types/send": "*" } }, ""],

    "@types/tough-cookie": ["@types/tough-cookie@4.0.5", "", {}, ""],

    "abort-controller": ["abort-controller@3.0.0", "", { "dependencies": { "event-target-shim": "^5.0.0" } }, ""],

    "accepts": ["accepts@1.3.8", "", { "dependencies": { "mime-types": "~2.1.34", "negotiator": "0.6.3" } }, "sha512-PYAthTa2m2VKxuvSD3DPC/Gy+U+sOA1LAuT8mkmRuvw+NACSaeXEQ+NHcVF7rONl6qcaxV3Uuemwawk+7+SJLw=="],

    "agent-base": ["agent-base@7.1.4", "", {}, ""],

    "ansi-regex": ["ansi-regex@5.0.1", "", {}, ""],

    "ansi-styles": ["ansi-styles@4.3.0", "", { "dependencies": { "color-convert": "^2.0.1" } }, ""],

    "anymatch": ["anymatch@3.1.3", "", { "dependencies": { "normalize-path": "^3.0.0", "picomatch": "^2.0.4" } }, ""],

    "array-flatten": ["array-flatten@1.1.1", "", {}, "sha512-PCVAQswWemu6UdxsDFFX/+gVeYqKAod3D3UVm91jHwynguOwAvYPhx8nNlM++NqRcK6CxxpUafjmhIdKiHibqg=="],

    "arrify": ["arrify@2.0.1", "", {}, ""],

    "async-retry": ["async-retry@1.3.3", "", { "dependencies": { "retry": "0.13.1" } }, ""],

    "asynckit": ["asynckit@0.4.0", "", {}, ""],

    "axios": ["axios@1.10.0", "", { "dependencies": { "follow-redirects": "^1.15.6", "form-data": "^4.0.0", "proxy-from-env": "^1.1.0" } }, "sha512-/1xYAC4MP/HEG+3duIhFr4ZQXR4sQXOIe+o6sdqzeykGLx6Upp/1p8MHqhINOvGeP7xyNHe7tsiJByc4SSVUxw=="],

    "balanced-match": ["balanced-match@1.0.2", "", {}, ""],

    "base64-js": ["base64-js@1.5.1", "", {}, ""],

    "base64id": ["base64id@2.0.0", "", {}, ""],

    "basic-auth": ["basic-auth@2.0.1", "", { "dependencies": { "safe-buffer": "5.1.2" } }, ""],

    "bcryptjs": ["bcryptjs@3.0.2", "", { "bin": { "bcrypt": "bin/bcrypt" } }, ""],

    "bignumber.js": ["bignumber.js@9.3.1", "", {}, ""],

    "binary-extensions": ["binary-extensions@2.3.0", "", {}, ""],

    "body-parser": ["body-parser@1.20.3", "", { "dependencies": { "bytes": "3.1.2", "content-type": "~1.0.5", "debug": "2.6.9", "depd": "2.0.0", "destroy": "1.2.0", "http-errors": "2.0.0", "iconv-lite": "0.4.24", "on-finished": "2.4.1", "qs": "6.13.0", "raw-body": "2.5.2", "type-is": "~1.6.18", "unpipe": "1.0.0" } }, "sha512-7rAxByjUMqQ3/bHJy7D6OGXvx/MMc4IqBn/X0fcM1QUcAItpZrBEYhWGem+tzXH90c+G01ypMcYJBO9Y30203g=="],

    "brace-expansion": ["brace-expansion@1.1.12", "", { "dependencies": { "balanced-match": "^1.0.0", "concat-map": "0.0.1" } }, ""],

    "braces": ["braces@3.0.3", "", { "dependencies": { "fill-range": "^7.1.1" } }, ""],

    "buffer-equal-constant-time": ["buffer-equal-constant-time@1.0.1", "", {}, ""],

    "bun-types": ["bun-types@1.2.19", "", { "dependencies": { "@types/node": "*" }, "peerDependencies": { "@types/react": "^19" } }, "sha512-uAOTaZSPuYsWIXRpj7o56Let0g/wjihKCkeRqUBhlLVM/Bt+Fj9xTo+LhC1OV1XDaGkz4hNC80et5xgy+9KTHQ=="],

    "bytes": ["bytes@3.1.2", "", {}, "sha512-/Nf7TyzTx6S3yRJObOAV7956r8cr2+Oj8AC5dt8wSP3BQAoeX58NoHyCU8P8zGkNXStjTSi6fzO6F0pBdcYbEg=="],

    "call-bind-apply-helpers": ["call-bind-apply-helpers@1.0.2", "", { "dependencies": { "es-errors": "^1.3.0", "function-bind": "^1.1.2" } }, ""],

    "call-bound": ["call-bound@1.0.4", "", { "dependencies": { "call-bind-apply-helpers": "^1.0.2", "get-intrinsic": "^1.3.0" } }, "sha512-+ys997U96po4Kx/ABpBCqhA9EuxJaQWDQg7295H4hBphv3IZg0boBKuwYpt4YXp6MZ5AmZQnU/tyMTlRpaSejg=="],

    "chokidar": ["chokidar@3.6.0", "", { "dependencies": { "anymatch": "~3.1.2", "braces": "~3.0.2", "glob-parent": "~5.1.2", "is-binary-path": "~2.1.0", "is-glob": "~4.0.1", "normalize-path": "~3.0.0", "readdirp": "~3.6.0" } }, ""],

    "cliui": ["cliui@8.0.1", "", { "dependencies": { "string-width": "^4.2.0", "strip-ansi": "^6.0.1", "wrap-ansi": "^7.0.0" } }, ""],

    "color-convert": ["color-convert@2.0.1", "", { "dependencies": { "color-name": "~1.1.4" } }, ""],

    "color-name": ["color-name@1.1.4", "", {}, ""],

    "combined-stream": ["combined-stream@1.0.8", "", { "dependencies": { "delayed-stream": "~1.0.0" } }, ""],

    "concat-map": ["concat-map@0.0.1", "", {}, ""],

    "content-disposition": ["content-disposition@0.5.4", "", { "dependencies": { "safe-buffer": "5.2.1" } }, "sha512-FveZTNuGw04cxlAiWbzi6zTAL/lhehaWbTtgluJh4/E95DqMwTmha3KZN1aAWA8cFIhHzMZUvLevkw5Rqk+tSQ=="],

    "content-type": ["content-type@1.0.5", "", {}, "sha512-nTjqfcBFEipKdXCv4YDQWCfmcLZKm81ldF0pAopTvyrFGVbcR6P/VAAd5G7N+0tTr8QqiU0tFadD6FK4NtJwOA=="],

    "cookie": ["cookie@0.7.1", "", {}, "sha512-6DnInpx7SJ2AK3+CTUE/ZM0vWTUboZCegxhC2xiIydHR9jNuTAASBrfEpHhiGOZw/nX51bHt6YQl8jsGo4y/0w=="],

    "cookie-signature": ["cookie-signature@1.0.6", "", {}, "sha512-QADzlaHc8icV8I7vbaJXJwod9HWYp8uCqf1xa4OfNu1T7JVxQIrUgOWtHdNDtPiywmFbiS12VjotIXLrKM3orQ=="],

    "cors": ["cors@2.8.5", "", { "dependencies": { "object-assign": "^4", "vary": "^1" } }, ""],

    "csstype": ["csstype@3.1.3", "", {}, "sha512-M1uQkMl8rQK/szD0LNhtqxIPLpimGm8sOBwU7lLnCpSbTyY3yeU1Vc7l4KT5zT4s/yOxHH5O7tIuuLOCnLADRw=="],

    "debug": ["debug@4.4.1", "", { "dependencies": { "ms": "^2.1.3" } }, ""],

    "delayed-stream": ["delayed-stream@1.0.0", "", {}, ""],

    "depd": ["depd@2.0.0", "", {}, ""],

    "destroy": ["destroy@1.2.0", "", {}, "sha512-2sJGJTaXIIaR1w4iJSNoN0hnMY7Gpc/n8D4qSCJw8QqFWXf7cuAgnEHxBpweaVcPevC2l3KpjYCx3NypQQgaJg=="],

    "dotenv": ["dotenv@17.2.0", "", {}, ""],

    "dunder-proto": ["dunder-proto@1.0.1", "", { "dependencies": { "call-bind-apply-helpers": "^1.0.1", "es-errors": "^1.3.0", "gopd": "^1.2.0" } }, ""],

    "duplexify": ["duplexify@4.1.3", "", { "dependencies": { "end-of-stream": "^1.4.1", "inherits": "^2.0.3", "readable-stream": "^3.1.1", "stream-shift": "^1.0.2" } }, ""],

    "ecdsa-sig-formatter": ["ecdsa-sig-formatter@1.0.11", "", { "dependencies": { "safe-buffer": "^5.0.1" } }, ""],

    "ee-first": ["ee-first@1.1.1", "", {}, ""],

    "emoji-regex": ["emoji-regex@8.0.0", "", {}, ""],

    "encodeurl": ["encodeurl@2.0.0", "", {}, "sha512-Q0n9HRi4m6JuGIV1eFlmvJB7ZEVxu93IrMyiMsGC0lrMJMWzRgx6WGquyfQgZVb31vhGgXnfmPNNXmxnOkRBrg=="],

    "end-of-stream": ["end-of-stream@1.4.5", "", { "dependencies": { "once": "^1.4.0" } }, ""],

    "engine.io": ["engine.io@6.6.4", "", { "dependencies": { "@types/cors": "^2.8.12", "@types/node": ">=10.0.0", "accepts": "~1.3.4", "base64id": "2.0.0", "cookie": "~0.7.2", "cors": "~2.8.5", "debug": "~4.3.1", "engine.io-parser": "~5.2.1", "ws": "~8.17.1" } }, ""],

    "engine.io-parser": ["engine.io-parser@5.2.3", "", {}, ""],

    "es-define-property": ["es-define-property@1.0.1", "", {}, ""],

    "es-errors": ["es-errors@1.3.0", "", {}, ""],

    "es-object-atoms": ["es-object-atoms@1.1.1", "", { "dependencies": { "es-errors": "^1.3.0" } }, ""],

    "es-set-tostringtag": ["es-set-tostringtag@2.1.0", "", { "dependencies": { "es-errors": "^1.3.0", "get-intrinsic": "^1.2.6", "has-tostringtag": "^1.0.2", "hasown": "^2.0.2" } }, ""],

    "escalade": ["escalade@3.2.0", "", {}, ""],

    "escape-html": ["escape-html@1.0.3", "", {}, "sha512-NiSupZ4OeuGwr68lGIeym/ksIZMJodUGOSCZ/FSnTxcrekbvqrgdUxlJOMpijaKZVjAJrWrGs/6Jy8OMuyj9ow=="],

    "etag": ["etag@1.8.1", "", {}, "sha512-aIL5Fx7mawVa300al2BnEE4iNvo1qETxLrPI/o05L7z6go7fCw1J6EQmbK4FmJ2AS7kgVF/KEZWufBfdClMcPg=="],

    "event-target-shim": ["event-target-shim@5.0.1", "", {}, ""],

    "express": ["express@4.21.2", "", { "dependencies": { "accepts": "~1.3.8", "array-flatten": "1.1.1", "body-parser": "1.20.3", "content-disposition": "0.5.4", "content-type": "~1.0.4", "cookie": "0.7.1", "cookie-signature": "1.0.6", "debug": "2.6.9", "depd": "2.0.0", "encodeurl": "~2.0.0", "escape-html": "~1.0.3", "etag": "~1.8.1", "finalhandler": "1.3.1", "fresh": "0.5.2", "http-errors": "2.0.0", "merge-descriptors": "1.0.3", "methods": "~1.1.2", "on-finished": "2.4.1", "parseurl": "~1.3.3", "path-to-regexp": "0.1.12", "proxy-addr": "~2.0.7", "qs": "6.13.0", "range-parser": "~1.2.1", "safe-buffer": "5.2.1", "send": "0.19.0", "serve-static": "1.16.2", "setprototypeof": "1.2.0", "statuses": "2.0.1", "type-is": "~1.6.18", "utils-merge": "1.0.1", "vary": "~1.1.2" } }, "sha512-28HqgMZAmih1Czt9ny7qr6ek2qddF4FclbMzwhCREB6OFfH+rXAnuNCwo1/wFvrtbgsQDb4kSbX9de9lFbrXnA=="],

    "extend": ["extend@3.0.2", "", {}, ""],

    "farmhash-modern": ["farmhash-modern@1.1.0", "", {}, ""],

    "fast-deep-equal": ["fast-deep-equal@3.1.3", "", {}, ""],

    "fast-xml-parser": ["fast-xml-parser@4.5.3", "", { "dependencies": { "strnum": "^1.1.1" }, "bin": { "fxparser": "src/cli/cli.js" } }, ""],

    "faye-websocket": ["faye-websocket@0.11.4", "", { "dependencies": { "websocket-driver": ">=0.5.1" } }, ""],

    "fill-range": ["fill-range@7.1.1", "", { "dependencies": { "to-regex-range": "^5.0.1" } }, ""],

    "finalhandler": ["finalhandler@1.3.1", "", { "dependencies": { "debug": "2.6.9", "encodeurl": "~2.0.0", "escape-html": "~1.0.3", "on-finished": "2.4.1", "parseurl": "~1.3.3", "statuses": "2.0.1", "unpipe": "~1.0.0" } }, "sha512-6BN9trH7bp3qvnrRyzsBz+g3lZxTNZTbVO2EV1CS0WIcDbawYVdYvGflME/9QP0h0pYlCDBCTjYa9nZzMDpyxQ=="],

    "firebase-admin": ["firebase-admin@13.4.0", "", { "dependencies": { "@fastify/busboy": "^3.0.0", "@firebase/database-compat": "^2.0.0", "@firebase/database-types": "^1.0.6", "@types/node": "^22.8.7", "farmhash-modern": "^1.1.0", "google-auth-library": "^9.14.2", "jsonwebtoken": "^9.0.0", "jwks-rsa": "^3.1.0", "node-forge": "^1.3.1", "uuid": "^11.0.2" }, "optionalDependencies": { "@google-cloud/firestore": "^7.11.0", "@google-cloud/storage": "^7.14.0" } }, ""],

    "follow-redirects": ["follow-redirects@1.15.9", "", {}, "sha512-gew4GsXizNgdoRyqmyfMHyAmXsZDk6mHkSxZFCzW9gwlbtOW44CDtYavM+y+72qD/Vq2l550kMF52DT8fOLJqQ=="],

    "form-data": ["form-data@4.0.4", "", { "dependencies": { "asynckit": "^0.4.0", "combined-stream": "^1.0.8", "es-set-tostringtag": "^2.1.0", "hasown": "^2.0.2", "mime-types": "^2.1.12" } }, "sha512-KrGhL9Q4zjj0kiUt5OO4Mr/A/jlI2jDYs5eHBpYHPcBEVSiipAvn2Ko2HnPe20rmcuuvMHNdZFp+4IlGTMF0Ow=="],

    "forwarded": ["forwarded@0.2.0", "", {}, ""],

    "fresh": ["fresh@0.5.2", "", {}, "sha512-zJ2mQYM18rEFOudeV4GShTGIQ7RbzA7ozbU9I/XBpm7kqgMywgmylMwXHxZJmkVoYkna9d2pVXVXPdYTP9ej8Q=="],

    "function-bind": ["function-bind@1.1.2", "", {}, ""],

    "functional-red-black-tree": ["functional-red-black-tree@1.0.1", "", {}, ""],

    "gaxios": ["gaxios@6.7.1", "", { "dependencies": { "extend": "^3.0.2", "https-proxy-agent": "^7.0.1", "is-stream": "^2.0.0", "node-fetch": "^2.6.9", "uuid": "^9.0.1" } }, ""],

    "gcp-metadata": ["gcp-metadata@6.1.1", "", { "dependencies": { "gaxios": "^6.1.1", "google-logging-utils": "^0.0.2", "json-bigint": "^1.0.0" } }, ""],

    "get-caller-file": ["get-caller-file@2.0.5", "", {}, ""],

    "get-intrinsic": ["get-intrinsic@1.3.0", "", { "dependencies": { "call-bind-apply-helpers": "^1.0.2", "es-define-property": "^1.0.1", "es-errors": "^1.3.0", "es-object-atoms": "^1.1.1", "function-bind": "^1.1.2", "get-proto": "^1.0.1", "gopd": "^1.2.0", "has-symbols": "^1.1.0", "hasown": "^2.0.2", "math-intrinsics": "^1.1.0" } }, ""],

    "get-proto": ["get-proto@1.0.1", "", { "dependencies": { "dunder-proto": "^1.0.1", "es-object-atoms": "^1.0.0" } }, ""],

    "glob-parent": ["glob-parent@5.1.2", "", { "dependencies": { "is-glob": "^4.0.1" } }, ""],

    "google-auth-library": ["google-auth-library@9.15.1", "", { "dependencies": { "base64-js": "^1.3.0", "ecdsa-sig-formatter": "^1.0.11", "gaxios": "^6.1.1", "gcp-metadata": "^6.1.0", "gtoken": "^7.0.0", "jws": "^4.0.0" } }, ""],

    "google-gax": ["google-gax@4.6.1", "", { "dependencies": { "@grpc/grpc-js": "^1.10.9", "@grpc/proto-loader": "^0.7.13", "@types/long": "^4.0.0", "abort-controller": "^3.0.0", "duplexify": "^4.0.0", "google-auth-library": "^9.3.0", "node-fetch": "^2.7.0", "object-hash": "^3.0.0", "proto3-json-serializer": "^2.0.2", "protobufjs": "^7.3.2", "retry-request": "^7.0.0", "uuid": "^9.0.1" } }, ""],

    "google-logging-utils": ["google-logging-utils@0.0.2", "", {}, ""],

    "gopd": ["gopd@1.2.0", "", {}, ""],

    "gtoken": ["gtoken@7.1.0", "", { "dependencies": { "gaxios": "^6.0.0", "jws": "^4.0.0" } }, ""],

    "has-flag": ["has-flag@3.0.0", "", {}, ""],

    "has-symbols": ["has-symbols@1.1.0", "", {}, ""],

    "has-tostringtag": ["has-tostringtag@1.0.2", "", { "dependencies": { "has-symbols": "^1.0.3" } }, ""],

    "hasown": ["hasown@2.0.2", "", { "dependencies": { "function-bind": "^1.1.2" } }, ""],

    "helmet": ["helmet@8.1.0", "", {}, ""],

    "html-entities": ["html-entities@2.6.0", "", {}, ""],

    "http-errors": ["http-errors@2.0.0", "", { "dependencies": { "depd": "2.0.0", "inherits": "2.0.4", "setprototypeof": "1.2.0", "statuses": "2.0.1", "toidentifier": "1.0.1" } }, "sha512-FtwrG/euBzaEjYeRqOgly7G0qviiXoJWnvEH2Z1plBdXgbyjv34pHTSb9zoeHMyDy33+DWy5Wt9Wo+TURtOYSQ=="],

    "http-parser-js": ["http-parser-js@0.5.10", "", {}, ""],

    "http-proxy-agent": ["http-proxy-agent@5.0.0", "", { "dependencies": { "@tootallnate/once": "2", "agent-base": "6", "debug": "4" } }, ""],

    "https-proxy-agent": ["https-proxy-agent@7.0.6", "", { "dependencies": { "agent-base": "^7.1.2", "debug": "4" } }, ""],

    "iconv-lite": ["iconv-lite@0.4.24", "", { "dependencies": { "safer-buffer": ">= 2.1.2 < 3" } }, "sha512-v3MXnZAcvnywkTUEZomIActle7RXXeedOR31wwl7VlyoXO4Qi9arvSenNQWne1TcRwhCL1HwLI21bEqdpj8/rA=="],

    "ignore-by-default": ["ignore-by-default@1.0.1", "", {}, ""],

    "inherits": ["inherits@2.0.4", "", {}, ""],

    "ipaddr.js": ["ipaddr.js@1.9.1", "", {}, ""],

    "is-binary-path": ["is-binary-path@2.1.0", "", { "dependencies": { "binary-extensions": "^2.0.0" } }, ""],

    "is-extglob": ["is-extglob@2.1.1", "", {}, ""],

    "is-fullwidth-code-point": ["is-fullwidth-code-point@3.0.0", "", {}, ""],

    "is-glob": ["is-glob@4.0.3", "", { "dependencies": { "is-extglob": "^2.1.1" } }, ""],

    "is-number": ["is-number@7.0.0", "", {}, ""],

    "is-stream": ["is-stream@2.0.1", "", {}, ""],

    "jose": ["jose@4.15.9", "", {}, ""],

    "json-bigint": ["json-bigint@1.0.0", "", { "dependencies": { "bignumber.js": "^9.0.0" } }, ""],

    "jsonwebtoken": ["jsonwebtoken@9.0.2", "", { "dependencies": { "jws": "^3.2.2", "lodash.includes": "^4.3.0", "lodash.isboolean": "^3.0.3", "lodash.isinteger": "^4.0.4", "lodash.isnumber": "^3.0.3", "lodash.isplainobject": "^4.0.6", "lodash.isstring": "^4.0.1", "lodash.once": "^4.0.0", "ms": "^2.1.1", "semver": "^7.5.4" } }, ""],

    "jwa": ["jwa@1.4.2", "", { "dependencies": { "buffer-equal-constant-time": "^1.0.1", "ecdsa-sig-formatter": "1.0.11", "safe-buffer": "^5.0.1" } }, ""],

    "jwks-rsa": ["jwks-rsa@3.2.0", "", { "dependencies": { "@types/express": "^4.17.20", "@types/jsonwebtoken": "^9.0.4", "debug": "^4.3.4", "jose": "^4.15.4", "limiter": "^1.1.5", "lru-memoizer": "^2.2.0" } }, ""],

    "jws": ["jws@3.2.2", "", { "dependencies": { "jwa": "^1.4.1", "safe-buffer": "^5.0.1" } }, ""],

    "limiter": ["limiter@1.1.5", "", {}, ""],

    "lodash.camelcase": ["lodash.camelcase@4.3.0", "", {}, ""],

    "lodash.clonedeep": ["lodash.clonedeep@4.5.0", "", {}, ""],

    "lodash.includes": ["lodash.includes@4.3.0", "", {}, ""],

    "lodash.isboolean": ["lodash.isboolean@3.0.3", "", {}, ""],

    "lodash.isinteger": ["lodash.isinteger@4.0.4", "", {}, ""],

    "lodash.isnumber": ["lodash.isnumber@3.0.3", "", {}, ""],

    "lodash.isplainobject": ["lodash.isplainobject@4.0.6", "", {}, ""],

    "lodash.isstring": ["lodash.isstring@4.0.1", "", {}, ""],

    "lodash.once": ["lodash.once@4.1.1", "", {}, ""],

    "long": ["long@5.3.2", "", {}, ""],

    "lru-cache": ["lru-cache@6.0.0", "", { "dependencies": { "yallist": "^4.0.0" } }, ""],

    "lru-memoizer": ["lru-memoizer@2.3.0", "", { "dependencies": { "lodash.clonedeep": "^4.5.0", "lru-cache": "6.0.0" } }, ""],

    "math-intrinsics": ["math-intrinsics@1.1.0", "", {}, ""],

    "media-typer": ["media-typer@0.3.0", "", {}, "sha512-dq+qelQ9akHpcOl/gUVRTxVIOkAJ1wR3QAvb4RsVjS8oVoFjDGTc679wJYmUmknUF5HwMLOgb5O+a3KxfWapPQ=="],

    "merge-descriptors": ["merge-descriptors@1.0.3", "", {}, "sha512-gaNvAS7TZ897/rVaZ0nMtAyxNyi/pdbjbAwUpFQpN70GqnVfOiXpeUUMKRBmzXaSQ8DdTX4/0ms62r2K+hE6mQ=="],

    "methods": ["methods@1.1.2", "", {}, "sha512-iclAHeNqNm68zFtnZ0e+1L2yUIdvzNoauKU4WBA3VvH/vPFieF7qfRlwUZU+DA9P9bPXIS90ulxoUoCH23sV2w=="],

    "mime": ["mime@1.6.0", "", { "bin": "cli.js" }, "sha512-x0Vn8spI+wuJ1O6S7gnbaQg8Pxh4NNHb7KSINmEWKiPE4RKOplvijn+NkmYmmRgP68mc70j2EbeTFRsrswaQeg=="],

    "mime-db": ["mime-db@1.52.0", "", {}, "sha512-sPU4uV7dYlvtWJxwwxHD0PuihVNiE7TyAbQ5SWxDCB9mUYvOgroQOwYQQOKPJ8CIbE+1ETVlOoK1UC2nU3gYvg=="],

    "mime-types": ["mime-types@2.1.35", "", { "dependencies": { "mime-db": "1.52.0" } }, "sha512-ZDY+bPm5zTTF+YpCrAU9nK0UgICYPT0QtT1NZWFv4s++TNkcgVaT0g6+4R2uI4MjQjzysHB1zxuWL50hzaeXiw=="],

    "minimatch": ["minimatch@3.1.2", "", { "dependencies": { "brace-expansion": "^1.1.7" } }, ""],

    "morgan": ["morgan@1.10.1", "", { "dependencies": { "basic-auth": "~2.0.1", "debug": "2.6.9", "depd": "~2.0.0", "on-finished": "~2.3.0", "on-headers": "~1.1.0" } }, "sha512-223dMRJtI/l25dJKWpgij2cMtywuG/WiUKXdvwfbhGKBhy1puASqXwFzmWZ7+K73vUPoR7SS2Qz2cI/g9MKw0A=="],

    "ms": ["ms@2.1.3", "", {}, ""],

    "negotiator": ["negotiator@0.6.3", "", {}, "sha512-+EUsqGPLsM+j/zdChZjsnX51g4XrHFOIXwfnCVPGlQk/k5giakcKsuxCObBRu6DSm9opw/O6slWbJdghQM4bBg=="],

    "node-fetch": ["node-fetch@2.7.0", "", { "dependencies": { "whatwg-url": "^5.0.0" }, "peerDependencies": { "encoding": "^0.1.0" }, "optionalPeers": ["encoding"] }, ""],

    "node-forge": ["node-forge@1.3.1", "", {}, ""],

    "nodemon": ["nodemon@3.1.10", "", { "dependencies": { "chokidar": "^3.5.2", "debug": "^4", "ignore-by-default": "^1.0.1", "minimatch": "^3.1.2", "pstree.remy": "^1.1.8", "semver": "^7.5.3", "simple-update-notifier": "^2.0.0", "supports-color": "^5.5.0", "touch": "^3.1.0", "undefsafe": "^2.0.5" }, "bin": "bin/nodemon.js" }, ""],

    "normalize-path": ["normalize-path@3.0.0", "", {}, ""],

    "object-assign": ["object-assign@4.1.1", "", {}, ""],

    "object-hash": ["object-hash@3.0.0", "", {}, ""],

    "object-inspect": ["object-inspect@1.13.4", "", {}, "sha512-W67iLl4J2EXEGTbfeHCffrjDfitvLANg0UlX3wFUUSTx92KXRFegMHUVgSqE+wvhAbi4WqjGg9czysTV2Epbew=="],

    "on-finished": ["on-finished@2.4.1", "", { "dependencies": { "ee-first": "1.1.1" } }, "sha512-oVlzkg3ENAhCk2zdv7IJwd/QUD4z2RxRwpkcGY8psCVcCYZNq4wYnVWALHM+brtuJjePWiYF/ClmuDr8Ch5+kg=="],

    "on-headers": ["on-headers@1.1.0", "", {}, "sha512-737ZY3yNnXy37FHkQxPzt4UZ2UWPWiCZWLvFZ4fu5cueciegX0zGPnrlY6bwRg4FdQOe9YU8MkmJwGhoMybl8A=="],

    "once": ["once@1.4.0", "", { "dependencies": { "wrappy": "1" } }, ""],

    "p-limit": ["p-limit@3.1.0", "", { "dependencies": { "yocto-queue": "^0.1.0" } }, ""],

    "parseurl": ["parseurl@1.3.3", "", {}, "sha512-CiyeOxFT/JZyN5m0z9PfXw4SCBJ6Sygz1Dpl0wqjlhDEGGBP1GnsUVEL0p63hoG1fcj3fHynXi9NYO4nWOL+qQ=="],

    "path-to-regexp": ["path-to-regexp@0.1.12", "", {}, "sha512-RA1GjUVMnvYFxuqovrEqZoxxW5NUZqbwKtYz/Tt7nXerk0LbLblQmrsgdeOxV5SFHf0UDggjS/bSeOZwt1pmEQ=="],

    "picomatch": ["picomatch@2.3.1", "", {}, ""],

    "proto3-json-serializer": ["proto3-json-serializer@2.0.2", "", { "dependencies": { "protobufjs": "^7.2.5" } }, ""],

    "protobufjs": ["protobufjs@7.5.3", "", { "dependencies": { "@protobufjs/aspromise": "^1.1.2", "@protobufjs/base64": "^1.1.2", "@protobufjs/codegen": "^2.0.4", "@protobufjs/eventemitter": "^1.1.0", "@protobufjs/fetch": "^1.1.0", "@protobufjs/float": "^1.0.2", "@protobufjs/inquire": "^1.1.0", "@protobufjs/path": "^1.1.2", "@protobufjs/pool": "^1.1.0", "@protobufjs/utf8": "^1.1.0", "@types/node": ">=13.7.0", "long": "^5.0.0" } }, ""],

    "proxy-addr": ["proxy-addr@2.0.7", "", { "dependencies": { "forwarded": "0.2.0", "ipaddr.js": "1.9.1" } }, ""],

    "proxy-from-env": ["proxy-from-env@1.1.0", "", {}, "sha512-D+zkORCbA9f1tdWRK0RaCR3GPv50cMxcrz4X8k5LTSUD1Dkw47mKJEZQNunItRTkWwgtaUSo1RVFRIG9ZXiFYg=="],

    "pstree.remy": ["pstree.remy@1.1.8", "", {}, ""],

    "qs": ["qs@6.13.0", "", { "dependencies": { "side-channel": "^1.0.6" } }, "sha512-+38qI9SOr8tfZ4QmJNplMUxqjbe7LKvvZgWdExBOmd+egZTtjLB67Gu0HRX3u/XOq7UU2Nx6nsjvS16Z9uwfpg=="],

    "range-parser": ["range-parser@1.2.1", "", {}, "sha512-Hrgsx+orqoygnmhFbKaHE6c296J+HTAQXoxEF6gNupROmmGJRoyzfG3ccAveqCBrwr/2yxQ5BVd/GTl5agOwSg=="],

    "raw-body": ["raw-body@2.5.2", "", { "dependencies": { "bytes": "3.1.2", "http-errors": "2.0.0", "iconv-lite": "0.4.24", "unpipe": "1.0.0" } }, "sha512-8zGqypfENjCIqGhgXToC8aB2r7YrBX+AQAfIPs/Mlk+BtPTztOvTS01NRW/3Eh60J+a48lt8qsCzirQ6loCVfA=="],

    "readable-stream": ["readable-stream@3.6.2", "", { "dependencies": { "inherits": "^2.0.3", "string_decoder": "^1.1.1", "util-deprecate": "^1.0.1" } }, ""],

    "readdirp": ["readdirp@3.6.0", "", { "dependencies": { "picomatch": "^2.2.1" } }, ""],

    "require-directory": ["require-directory@2.1.1", "", {}, ""],

    "retry": ["retry@0.13.1", "", {}, ""],

    "retry-request": ["retry-request@7.0.2", "", { "dependencies": { "@types/request": "^2.48.8", "extend": "^3.0.2", "teeny-request": "^9.0.0" } }, ""],

    "safe-buffer": ["safe-buffer@5.2.1", "", {}, ""],

    "safer-buffer": ["safer-buffer@2.1.2", "", {}, "sha512-YZo3K82SD7Riyi0E1EQPojLz7kpepnSQI9IyPbHHg1XXXevb5dJI7tpyN2ADxGcQbHG7vcyRHk0cbwqcQriUtg=="],

    "semver": ["semver@7.7.2", "", { "bin": "bin/semver.js" }, ""],

    "send": ["send@0.19.0", "", { "dependencies": { "debug": "2.6.9", "depd": "2.0.0", "destroy": "1.2.0", "encodeurl": "~1.0.2", "escape-html": "~1.0.3", "etag": "~1.8.1", "fresh": "0.5.2", "http-errors": "2.0.0", "mime": "1.6.0", "ms": "2.1.3", "on-finished": "2.4.1", "range-parser": "~1.2.1", "statuses": "2.0.1" } }, "sha512-dW41u5VfLXu8SJh5bwRmyYUbAoSB3c9uQh6L8h/KtsFREPWpbX1lrljJo186Jc4nmci/sGUZ9a0a0J2zgfq2hw=="],

    "serve-static": ["serve-static@1.16.2", "", { "dependencies": { "encodeurl": "~2.0.0", "escape-html": "~1.0.3", "parseurl": "~1.3.3", "send": "0.19.0" } }, "sha512-VqpjJZKadQB/PEbEwvFdO43Ax5dFBZ2UECszz8bQ7pi7wt//PWe1P6MN7eCnjsatYtBT6EuiClbjSWP2WrIoTw=="],

    "setprototypeof": ["setprototypeof@1.2.0", "", {}, "sha512-E5LDX7Wrp85Kil5bhZv46j8jOeboKq5JMmYM3gVGdGH8xFpPWXUMsNrlODCrkoxMEeNi/XZIwuRvY4XNwYMJpw=="],

    "side-channel": ["side-channel@1.1.0", "", { "dependencies": { "es-errors": "^1.3.0", "object-inspect": "^1.13.3", "side-channel-list": "^1.0.0", "side-channel-map": "^1.0.1", "side-channel-weakmap": "^1.0.2" } }, "sha512-ZX99e6tRweoUXqR+VBrslhda51Nh5MTQwou5tnUDgbtyM0dBgmhEDtWGP/xbKn6hqfPRHujUNwz5fy/wbbhnpw=="],

    "side-channel-list": ["side-channel-list@1.0.0", "", { "dependencies": { "es-errors": "^1.3.0", "object-inspect": "^1.13.3" } }, "sha512-FCLHtRD/gnpCiCHEiJLOwdmFP+wzCmDEkc9y7NsYxeF4u7Btsn1ZuwgwJGxImImHicJArLP4R0yX4c2KCrMrTA=="],

    "side-channel-map": ["side-channel-map@1.0.1", "", { "dependencies": { "call-bound": "^1.0.2", "es-errors": "^1.3.0", "get-intrinsic": "^1.2.5", "object-inspect": "^1.13.3" } }, "sha512-VCjCNfgMsby3tTdo02nbjtM/ewra6jPHmpThenkTYh8pG9ucZ/1P8So4u4FGBek/BjpOVsDCMoLA/iuBKIFXRA=="],

    "side-channel-weakmap": ["side-channel-weakmap@1.0.2", "", { "dependencies": { "call-bound": "^1.0.2", "es-errors": "^1.3.0", "get-intrinsic": "^1.2.5", "object-inspect": "^1.13.3", "side-channel-map": "^1.0.1" } }, "sha512-WPS/HvHQTYnHisLo9McqBHOJk2FkHO/tlpvldyrnem4aeQp4hai3gythswg6p01oSoTl58rcpiFAjF2br2Ak2A=="],

    "simple-update-notifier": ["simple-update-notifier@2.0.0", "", { "dependencies": { "semver": "^7.5.3" } }, ""],

    "socket.io": ["socket.io@4.8.1", "", { "dependencies": { "accepts": "~1.3.4", "base64id": "~2.0.0", "cors": "~2.8.5", "debug": "~4.3.2", "engine.io": "~6.6.0", "socket.io-adapter": "~2.5.2", "socket.io-parser": "~4.2.4" } }, ""],

    "socket.io-adapter": ["socket.io-adapter@2.5.5", "", { "dependencies": { "debug": "~4.3.4", "ws": "~8.17.1" } }, ""],

    "socket.io-parser": ["socket.io-parser@4.2.4", "", { "dependencies": { "@socket.io/component-emitter": "~3.1.0", "debug": "~4.3.1" } }, ""],

    "statuses": ["statuses@2.0.1", "", {}, "sha512-RwNA9Z/7PrK06rYLIzFMlaF+l73iwpzsqRIFgbMLbTcLD6cOao82TaWefPXQvB2fOC4AjuYSEndS7N/mTCbkdQ=="],

    "stream-events": ["stream-events@1.0.5", "", { "dependencies": { "stubs": "^3.0.0" } }, ""],

    "stream-shift": ["stream-shift@1.0.3", "", {}, ""],

    "string-width": ["string-width@4.2.3", "", { "dependencies": { "emoji-regex": "^8.0.0", "is-fullwidth-code-point": "^3.0.0", "strip-ansi": "^6.0.1" } }, ""],

    "string_decoder": ["string_decoder@1.3.0", "", { "dependencies": { "safe-buffer": "~5.2.0" } }, ""],

    "strip-ansi": ["strip-ansi@6.0.1", "", { "dependencies": { "ansi-regex": "^5.0.1" } }, ""],

    "strnum": ["strnum@1.1.2", "", {}, ""],

    "stubs": ["stubs@3.0.0", "", {}, ""],

    "supports-color": ["supports-color@5.5.0", "", { "dependencies": { "has-flag": "^3.0.0" } }, ""],

    "teeny-request": ["teeny-request@9.0.0", "", { "dependencies": { "http-proxy-agent": "^5.0.0", "https-proxy-agent": "^5.0.0", "node-fetch": "^2.6.9", "stream-events": "^1.0.5", "uuid": "^9.0.0" } }, ""],

    "to-regex-range": ["to-regex-range@5.0.1", "", { "dependencies": { "is-number": "^7.0.0" } }, ""],

    "toidentifier": ["toidentifier@1.0.1", "", {}, "sha512-o5sSPKEkg/DIQNmH43V0/uerLrpzVedkUh8tGNvaeXpfpuwjKenlSox/2O/BTlZUtEe+JG7s5YhEz608PlAHRA=="],

    "touch": ["touch@3.1.1", "", { "bin": { "nodetouch": "bin/nodetouch.js" } }, ""],

    "tr46": ["tr46@0.0.3", "", {}, ""],

    "tslib": ["tslib@2.8.1", "", {}, ""],

    "type-is": ["type-is@1.6.18", "", { "dependencies": { "media-typer": "0.3.0", "mime-types": "~2.1.24" } }, "sha512-TkRKr9sUTxEH8MdfuCSP7VizJyzRNMjj2J2do2Jr3Kym598JVdEksuzPQCnlFPW4ky9Q+iA+ma9BGm06XQBy8g=="],

    "typescript": ["typescript@5.8.3", "", { "bin": { "tsc": "bin/tsc", "tsserver": "bin/tsserver" } }, "sha512-p1diW6TqL9L07nNxvRMM7hMMw4c5XOo/1ibL4aAIGmSAt9slTE1Xgw5KWuof2uTOvCg9BY7ZRi+GaF+7sfgPeQ=="],

    "undefsafe": ["undefsafe@2.0.5", "", {}, ""],

    "undici-types": ["undici-types@6.21.0", "", {}, ""],

    "unpipe": ["unpipe@1.0.0", "", {}, "sha512-pjy2bYhSsufwWlKwPc+l3cN7+wuJlK6uz0YdJEOlQDbl6jo/YlPi4mb8agUkVC8BF7V8NuzeyPNqRksA3hztKQ=="],

    "util-deprecate": ["util-deprecate@1.0.2", "", {}, ""],

    "utils-merge": ["utils-merge@1.0.1", "", {}, "sha512-pMZTvIkT1d+TFGvDOqodOclx0QWkkgi6Tdoa8gC8ffGAAqz9pzPTZWAybbsHHoED/ztMtkv/VoYTYyShUn81hA=="],

    "uuid": ["uuid@11.1.0", "", { "bin": "dist/esm/bin/uuid" }, ""],

    "vary": ["vary@1.1.2", "", {}, ""],

    "webidl-conversions": ["webidl-conversions@3.0.1", "", {}, ""],

    "websocket-driver": ["websocket-driver@0.7.4", "", { "dependencies": { "http-parser-js": ">=0.5.1", "safe-buffer": ">=5.1.0", "websocket-extensions": ">=0.1.1" } }, ""],

    "websocket-extensions": ["websocket-extensions@0.1.4", "", {}, ""],

    "whatwg-url": ["whatwg-url@5.0.0", "", { "dependencies": { "tr46": "~0.0.3", "webidl-conversions": "^3.0.0" } }, ""],

    "wrap-ansi": ["wrap-ansi@7.0.0", "", { "dependencies": { "ansi-styles": "^4.0.0", "string-width": "^4.1.0", "strip-ansi": "^6.0.0" } }, ""],

    "wrappy": ["wrappy@1.0.2", "", {}, ""],

    "ws": ["ws@8.17.1", "", { "peerDependencies": { "bufferutil": "^4.0.1", "utf-8-validate": ">=5.0.2" }, "optionalPeers": ["bufferutil", "utf-8-validate"] }, ""],

    "y18n": ["y18n@5.0.8", "", {}, ""],

    "yallist": ["yallist@4.0.0", "", {}, ""],

    "yargs": ["yargs@17.7.2", "", { "dependencies": { "cliui": "^8.0.1", "escalade": "^3.1.1", "get-caller-file": "^2.0.5", "require-directory": "^2.1.1", "string-width": "^4.2.3", "y18n": "^5.0.5", "yargs-parser": "^21.1.1" } }, ""],

    "yargs-parser": ["yargs-parser@21.1.1", "", {}, ""],

    "yocto-queue": ["yocto-queue@0.1.0", "", {}, ""],

    "@google-cloud/storage/mime": ["mime@3.0.0", "", { "bin": "cli.js" }, ""],

    "@google-cloud/storage/uuid": ["uuid@8.3.2", "", { "bin": "dist/bin/uuid" }, ""],

    "@types/request/form-data": ["form-data@2.5.3", "", { "dependencies": { "asynckit": "^0.4.0", "combined-stream": "^1.0.8", "es-set-tostringtag": "^2.1.0", "mime-types": "^2.1.35", "safe-buffer": "^5.2.1" } }, ""],

    "basic-auth/safe-buffer": ["safe-buffer@5.1.2", "", {}, ""],

    "body-parser/debug": ["debug@2.6.9", "", { "dependencies": { "ms": "2.0.0" } }, "sha512-bC7ElrdJaJnPbAP+1EotYvqZsb3ecl5wi6Bfi6BJTUcNowp6cvspg0jXznRTKDjm/E7AdgFBVeAPVMNcKGsHMA=="],

    "engine.io/cookie": ["cookie@0.7.2", "", {}, ""],

    "engine.io/debug": ["debug@4.3.7", "", { "dependencies": { "ms": "^2.1.3" } }, ""],

    "express/debug": ["debug@2.6.9", "", { "dependencies": { "ms": "2.0.0" } }, "sha512-bC7ElrdJaJnPbAP+1EotYvqZsb3ecl5wi6Bfi6BJTUcNowp6cvspg0jXznRTKDjm/E7AdgFBVeAPVMNcKGsHMA=="],

    "finalhandler/debug": ["debug@2.6.9", "", { "dependencies": { "ms": "2.0.0" } }, "sha512-bC7ElrdJaJnPbAP+1EotYvqZsb3ecl5wi6Bfi6BJTUcNowp6cvspg0jXznRTKDjm/E7AdgFBVeAPVMNcKGsHMA=="],

    "gaxios/uuid": ["uuid@9.0.1", "", { "bin": "dist/bin/uuid" }, ""],

    "google-auth-library/jws": ["jws@4.0.0", "", { "dependencies": { "jwa": "^2.0.0", "safe-buffer": "^5.0.1" } }, ""],

    "google-gax/uuid": ["uuid@9.0.1", "", { "bin": "dist/bin/uuid" }, ""],

    "gtoken/jws": ["jws@4.0.0", "", { "dependencies": { "jwa": "^2.0.0", "safe-buffer": "^5.0.1" } }, ""],

    "http-proxy-agent/agent-base": ["agent-base@6.0.2", "", { "dependencies": { "debug": "4" } }, ""],

    "jws/safe-buffer": ["safe-buffer@5.1.2", "", {}, ""],

    "morgan/debug": ["debug@2.6.9", "", { "dependencies": { "ms": "2.0.0" } }, ""],

    "morgan/on-finished": ["on-finished@2.3.0", "", { "dependencies": { "ee-first": "1.1.1" } }, ""],

    "send/debug": ["debug@2.6.9", "", { "dependencies": { "ms": "2.0.0" } }, "sha512-bC7ElrdJaJnPbAP+1EotYvqZsb3ecl5wi6Bfi6BJTUcNowp6cvspg0jXznRTKDjm/E7AdgFBVeAPVMNcKGsHMA=="],

    "send/encodeurl": ["encodeurl@1.0.2", "", {}, "sha512-TPJXq8JqFaVYm2CWmPvnP2Iyo4ZSM7/QKcSmuMLDObfpH5fi7RUGmd/rTDf+rut/saiDiQEeVTNgAmJEdAOx0w=="],

    "socket.io/debug": ["debug@4.3.7", "", { "dependencies": { "ms": "^2.1.3" } }, ""],

    "socket.io-adapter/debug": ["debug@4.3.7", "", { "dependencies": { "ms": "^2.1.3" } }, ""],

    "socket.io-parser/debug": ["debug@4.3.7", "", { "dependencies": { "ms": "^2.1.3" } }, ""],

    "teeny-request/https-proxy-agent": ["https-proxy-agent@5.0.1", "", { "dependencies": { "agent-base": "6", "debug": "4" } }, ""],

    "teeny-request/uuid": ["uuid@9.0.1", "", { "bin": "dist/bin/uuid" }, ""],

    "body-parser/debug/ms": ["ms@2.0.0", "", {}, "sha512-Tpp60P6IUJDTuOq/5Z8cdskzJujfwqfOTkrwIwj7IRISpnkJnT6SyJ4PCPnGMoFjC9ddhal5KVIYtAt97ix05A=="],

    "express/debug/ms": ["ms@2.0.0", "", {}, "sha512-Tpp60P6IUJDTuOq/5Z8cdskzJujfwqfOTkrwIwj7IRISpnkJnT6SyJ4PCPnGMoFjC9ddhal5KVIYtAt97ix05A=="],

    "finalhandler/debug/ms": ["ms@2.0.0", "", {}, "sha512-Tpp60P6IUJDTuOq/5Z8cdskzJujfwqfOTkrwIwj7IRISpnkJnT6SyJ4PCPnGMoFjC9ddhal5KVIYtAt97ix05A=="],

    "google-auth-library/jws/jwa": ["jwa@2.0.1", "", { "dependencies": { "buffer-equal-constant-time": "^1.0.1", "ecdsa-sig-formatter": "1.0.11", "safe-buffer": "^5.0.1" } }, ""],

    "google-auth-library/jws/safe-buffer": ["safe-buffer@5.1.2", "", {}, ""],

    "gtoken/jws/jwa": ["jwa@2.0.1", "", { "dependencies": { "buffer-equal-constant-time": "^1.0.1", "ecdsa-sig-formatter": "1.0.11", "safe-buffer": "^5.0.1" } }, ""],

    "gtoken/jws/safe-buffer": ["safe-buffer@5.1.2", "", {}, ""],

    "morgan/debug/ms": ["ms@2.0.0", "", {}, ""],

    "send/debug/ms": ["ms@2.0.0", "", {}, "sha512-Tpp60P6IUJDTuOq/5Z8cdskzJujfwqfOTkrwIwj7IRISpnkJnT6SyJ4PCPnGMoFjC9ddhal5KVIYtAt97ix05A=="],

    "teeny-request/https-proxy-agent/agent-base": ["agent-base@6.0.2", "", { "dependencies": { "debug": "4" } }, ""],

    "google-auth-library/jws/jwa/safe-buffer": ["safe-buffer@5.2.1", "", {}, ""],

    "gtoken/jws/jwa/safe-buffer": ["safe-buffer@5.2.1", "", {}, ""],
  }
}
